
Microsoft Visual Studio Solution File, Format Version 12.00
# Visual Studio Version 16
VisualStudioVersion = 16.0.30517.126
MinimumVisualStudioVersion = 10.0.40219.1
Project("{9A19103F-16F7-4668-BE54-9A1E7A4F7556}") = "AO2Sharp", "AO2Sharp\AO2Sharp.csproj", "{1059C417-FB71-4225-B1BA-B00CD5C0473F}"
EndProject
Project("{FAE04EC0-301F-11D3-BF4B-00C04F79EFBC}") = "AO2Sharp.Plugins.Webhook", "AO2Sharp.Plugins.Webhook\AO2Sharp.Plugins.Webhook.csproj", "{6FE4004A-2F8C-4872-966A-A942CFA11190}"
EndProject
Project("{FAE04EC0-301F-11D3-BF4B-00C04F79EFBC}") = "AO2Sharp.Plugins.API", "AO2Sharp.Plugins.API\AO2Sharp.Plugins.API.csproj", "{C1660F68-3977-49A4-A71C-2511F0E7C71A}"
EndProject
Global
	GlobalSection(SolutionConfigurationPlatforms) = preSolution
		Debug|Any CPU = Debug|Any CPU
		Release|Any CPU = Release|Any CPU
	EndGlobalSection
	GlobalSection(ProjectConfigurationPlatforms) = postSolution
		{1059C417-FB71-4225-B1BA-B00CD5C0473F}.Debug|Any CPU.ActiveCfg = Debug|Any CPU
		{1059C417-FB71-4225-B1BA-B00CD5C0473F}.Debug|Any CPU.Build.0 = Debug|Any CPU
		{1059C417-FB71-4225-B1BA-B00CD5C0473F}.Release|Any CPU.ActiveCfg = Release|Any CPU
		{1059C417-FB71-4225-B1BA-B00CD5C0473F}.Release|Any CPU.Build.0 = Release|Any CPU
		{6FE4004A-2F8C-4872-966A-A942CFA11190}.Debug|Any CPU.ActiveCfg = Release|Any CPU
		{6FE4004A-2F8C-4872-966A-A942CFA11190}.Debug|Any CPU.Build.0 = Release|Any CPU
		{6FE4004A-2F8C-4872-966A-A942CFA11190}.Release|Any CPU.ActiveCfg = Release|Any CPU
		{6FE4004A-2F8C-4872-966A-A942CFA11190}.Release|Any CPU.Build.0 = Release|Any CPU
		{C1660F68-3977-49A4-A71C-2511F0E7C71A}.Debug|Any CPU.ActiveCfg = Debug|Any CPU
		{C1660F68-3977-49A4-A71C-2511F0E7C71A}.Debug|Any CPU.Build.0 = Debug|Any CPU
		{C1660F68-3977-49A4-A71C-2511F0E7C71A}.Release|Any CPU.ActiveCfg = Release|Any CPU
		{C1660F68-3977-49A4-A71C-2511F0E7C71A}.Release|Any CPU.Build.0 = Release|Any CPU
	EndGlobalSection
	GlobalSection(SolutionProperties) = preSolution
		HideSolutionNode = FALSE
	EndGlobalSection
	GlobalSection(ExtensibilityGlobals) = postSolution
		SolutionGuid = {1C55FF1D-3635-45F8-9EDB-3D823D34DAB8}
	EndGlobalSection
EndGlobal
